{
    "_readme": [
        "This file locks the dependencies of your project to a known state",
        "Read more about it at https://getcomposer.org/doc/01-basic-usage.md#installing-dependencies",
        "This file is @generated automatically"
    ],
    "content-hash": "a9a0c63ac85f032720b9514adfae70a5",
    "packages": [
        {
            "name": "advanced-custom-fields/advanced-custom-fields-pro",
            "version": "5.8.8",
            "dist": {
                "type": "zip",
                "url": "https://connect.advancedcustomfields.com/v2/plugins/download?p=pro&k=b3JkZXJfaWQ9OTEzMzJ8dHlwZT1wZXJzb25hbHxkYXRlPTIwMTYtMTAtMDkgMTE6Mzk6MzE="
            },
            "type": "wordpress-plugin"
        },
        {
            "name": "affiliate-wp/affiliate-wp",
            "version": "2.4.5",
            "dist": {
                "type": "zip",
                "url": "https://affiliatewp.com/index.php?eddfile=430090%3A17%3A0%3A0&ttl=1584162456&file=0&token=114396935e17a163f6da2e1fb5d9b0f774be43c0b9ff2f62593db88933502ddd"
            },
            "type": "wordpress-plugin"
        },
        {
            "name": "composer/installers",
            "version": "v1.8.0",
            "source": {
                "type": "git",
                "url": "https://github.com/composer/installers.git",
                "reference": "7d610d50aae61ae7ed6675e58efeabdf279bb5e3"
            },
            "dist": {
                "type": "zip",
                "url": "https://api.github.com/repos/composer/installers/zipball/7d610d50aae61ae7ed6675e58efeabdf279bb5e3",
                "reference": "7d610d50aae61ae7ed6675e58efeabdf279bb5e3",
                "shasum": ""
            },
            "require": {
                "composer-plugin-api": "^1.0"
            },
            "replace": {
                "roundcube/plugin-installer": "*",
                "shama/baton": "*"
            },
            "require-dev": {
                "composer/composer": "1.0.*@dev",
                "phpunit/phpunit": "^4.8.36"
            },
            "type": "composer-plugin",
            "extra": {
                "class": "Composer\\Installers\\Plugin",
                "branch-alias": {
                    "dev-master": "1.0-dev"
                }
            },
            "autoload": {
                "psr-4": {
                    "Composer\\Installers\\": "src/Composer/Installers"
                }
            },
            "notification-url": "https://packagist.org/downloads/",
            "license": [
                "MIT"
            ],
            "authors": [
                {
                    "name": "Kyle Robinson Young",
                    "email": "kyle@dontkry.com",
                    "homepage": "https://github.com/shama"
                }
            ],
            "description": "A multi-framework Composer library installer",
            "homepage": "https://composer.github.io/installers/",
            "keywords": [
                "Craft",
                "Dolibarr",
                "Eliasis",
                "Hurad",
                "ImageCMS",
                "Kanboard",
                "Lan Management System",
                "MODX Evo",
                "MantisBT",
                "Mautic",
                "Maya",
                "OXID",
                "Plentymarkets",
                "Porto",
                "RadPHP",
                "SMF",
                "Thelia",
                "Whmcs",
                "WolfCMS",
                "agl",
                "aimeos",
                "annotatecms",
                "attogram",
                "bitrix",
                "cakephp",
                "chef",
                "cockpit",
                "codeigniter",
                "concrete5",
                "croogo",
                "dokuwiki",
                "drupal",
                "eZ Platform",
                "elgg",
                "expressionengine",
                "fuelphp",
                "grav",
                "installer",
                "itop",
                "joomla",
                "known",
                "kohana",
                "laravel",
                "lavalite",
                "lithium",
                "magento",
                "majima",
                "mako",
                "mediawiki",
                "modulework",
                "modx",
                "moodle",
                "osclass",
                "phpbb",
                "piwik",
                "ppi",
                "puppet",
                "pxcms",
                "reindex",
                "roundcube",
                "shopware",
                "silverstripe",
                "sydes",
                "sylius",
                "symfony",
                "typo3",
                "wordpress",
                "yawik",
                "zend",
                "zikula"
            ],
            "time": "2020-02-07T10:39:20+00:00"
        },
        {
            "name": "container-interop/container-interop",
            "version": "1.2.0",
            "source": {
                "type": "git",
                "url": "https://github.com/container-interop/container-interop.git",
                "reference": "79cbf1341c22ec75643d841642dd5d6acd83bdb8"
            },
            "dist": {
                "type": "zip",
                "url": "https://api.github.com/repos/container-interop/container-interop/zipball/79cbf1341c22ec75643d841642dd5d6acd83bdb8",
                "reference": "79cbf1341c22ec75643d841642dd5d6acd83bdb8",
                "shasum": ""
            },
            "require": {
                "psr/container": "^1.0"
            },
            "type": "library",
            "autoload": {
                "psr-4": {
                    "Interop\\Container\\": "src/Interop/Container/"
                }
            },
            "notification-url": "https://packagist.org/downloads/",
            "license": [
                "MIT"
            ],
            "description": "Promoting the interoperability of container objects (DIC, SL, etc.)",
            "homepage": "https://github.com/container-interop/container-interop",
            "abandoned": "psr/container",
            "time": "2017-02-14T19:40:03+00:00"
        },
        {
            "name": "cweagans/composer-patches",
            "version": "1.6.7",
            "source": {
                "type": "git",
                "url": "https://github.com/cweagans/composer-patches.git",
                "reference": "2e6f72a2ad8d59cd7e2b729f218bf42adb14f590"
            },
            "dist": {
                "type": "zip",
                "url": "https://api.github.com/repos/cweagans/composer-patches/zipball/2e6f72a2ad8d59cd7e2b729f218bf42adb14f590",
                "reference": "2e6f72a2ad8d59cd7e2b729f218bf42adb14f590",
                "shasum": ""
            },
            "require": {
                "composer-plugin-api": "^1.0",
                "php": ">=5.3.0"
            },
            "require-dev": {
                "composer/composer": "~1.0",
                "phpunit/phpunit": "~4.6"
            },
            "type": "composer-plugin",
            "extra": {
                "class": "cweagans\\Composer\\Patches"
            },
            "autoload": {
                "psr-4": {
                    "cweagans\\Composer\\": "src"
                }
            },
            "notification-url": "https://packagist.org/downloads/",
            "license": [
                "BSD-3-Clause"
            ],
            "authors": [
                {
                    "name": "Cameron Eagans",
                    "email": "me@cweagans.net"
                }
            ],
            "description": "Provides a way to patch Composer packages.",
            "time": "2019-08-29T20:11:49+00:00"
        },
        {
            "name": "felixarntz/plugin-lib",
            "version": "dev-master",
            "source": {
                "type": "git",
                "url": "https://github.com/felixarntz/plugin-lib.git",
                "reference": "10fa3ddbefaaf535b65007a12a9ba6e103771b8f"
            },
            "dist": {
                "type": "zip",
                "url": "https://api.github.com/repos/felixarntz/plugin-lib/zipball/10fa3ddbefaaf535b65007a12a9ba6e103771b8f",
                "reference": "10fa3ddbefaaf535b65007a12a9ba6e103771b8f",
                "shasum": ""
            },
            "require": {
                "composer/installers": "~1.0",
                "php": ">=5.5.0"
            },
            "require-dev": {
                "dealerdirect/phpcodesniffer-composer-installer": "^0.4.4",
                "phpmd/phpmd": "*",
                "phpunit/phpunit": ">4.8.20 <6.0",
                "sebastian/phpcpd": "*",
                "squizlabs/php_codesniffer": "3.*",
                "wp-coding-standards/wpcs": "^1"
            },
            "type": "wordpress-muplugin",
            "notification-url": "https://packagist.org/downloads/",
            "license": [
                "GPL-2.0-or-later"
            ],
            "authors": [
                {
                    "name": "Felix Arntz",
                    "email": "felix-arntz@leaves-and-love.net",
                    "homepage": "https://leaves-and-love.net",
                    "role": "Developer"
                }
            ],
            "description": "Reusable library for all kinds of WordPress plugins.",
            "homepage": "https://leaves-and-love.net",
            "keywords": [
                "library",
                "plugin",
                "wordpress"
            ],
            "time": "2019-07-10T15:05:52+00:00"
        },
        {
            "name": "felixarntz/wp-gdpr-cookie-notice",
            "version": "dev-master",
            "source": {
                "type": "git",
                "url": "https://github.com/felixarntz/wp-gdpr-cookie-notice.git",
                "reference": "2bc7eeaa07d0759c98c8d1a44b2876e7220b658c"
            },
            "dist": {
                "type": "zip",
                "url": "https://api.github.com/repos/felixarntz/wp-gdpr-cookie-notice/zipball/2bc7eeaa07d0759c98c8d1a44b2876e7220b658c",
                "reference": "2bc7eeaa07d0759c98c8d1a44b2876e7220b658c",
                "shasum": ""
            },
            "require": {
                "composer/installers": "^1",
                "php": ">=7.0"
            },
            "require-dev": {
                "brain/monkey": "~2.0.0",
                "dealerdirect/phpcodesniffer-composer-installer": "^0.4",
                "mockery/mockery": "~0.9.0",
                "phpunit/phpunit": ">4.8.20 <6.0",
                "squizlabs/php_codesniffer": "^3.3",
                "wimg/php-compatibility": "^9",
                "wp-coding-standards/wpcs": "^2"
            },
            "type": "wordpress-plugin",
            "extra": {
                "patches_applied": {
                    "Hack: Inserting notice on top": "patches/wpgpdr-show-on-top.diff"
                }
            },
            "notification-url": "https://packagist.org/downloads/",
            "license": [
                "GPL-2.0-or-later"
            ],
            "authors": [
                {
                    "name": "Felix Arntz",
                    "email": "flixos90@gmail.com",
                    "homepage": "https://felix-arntz.me",
                    "role": "Lead Developer"
                }
            ],
            "description": "Simple performant cookie consent notice that supports AMP, granular cookie control and live preview customization.",
            "homepage": "https://wordpress.org/plugins/wp-gdpr-cookie-notice/",
            "keywords": [
                "cookie consent",
                "cookie notice",
                "customizer",
                "gdpr",
                "granular cookie control",
                "plugin",
                "wordpress"
            ],
            "time": "2019-05-04T19:24:35+00:00"
        },
        {
            "name": "johnpbloch/wordpress-core",
            "version": "5.3.2",
            "source": {
                "type": "git",
                "url": "https://github.com/johnpbloch/wordpress-core.git",
                "reference": "a282ab0051fac21d4e0cdd828519e6739743ba92"
            },
            "dist": {
                "type": "zip",
                "url": "https://api.github.com/repos/johnpbloch/wordpress-core/zipball/a282ab0051fac21d4e0cdd828519e6739743ba92",
                "reference": "a282ab0051fac21d4e0cdd828519e6739743ba92",
                "shasum": ""
            },
            "require": {
                "php": ">=5.6.20"
            },
            "provide": {
                "wordpress/core-implementation": "5.3.2"
            },
            "type": "wordpress-core",
            "notification-url": "https://packagist.org/downloads/",
            "license": [
                "GPL-2.0-or-later"
            ],
            "authors": [
                {
                    "name": "WordPress Community",
                    "homepage": "http://wordpress.org/about/"
                }
            ],
            "description": "WordPress is open source software you can use to create a beautiful website, blog, or app.",
            "homepage": "http://wordpress.org/",
            "keywords": [
                "blog",
                "cms",
                "wordpress"
            ],
            "time": "2019-12-18T22:32:15+00:00"
        },
        {
            "name": "johnpbloch/wordpress-core-installer",
            "version": "1.0.2",
            "source": {
                "type": "git",
                "url": "https://github.com/johnpbloch/wordpress-core-installer.git",
                "reference": "fd12f5cfe27223b92b0f4bbc097059eb23cc56c4"
            },
            "dist": {
                "type": "zip",
                "url": "https://api.github.com/repos/johnpbloch/wordpress-core-installer/zipball/fd12f5cfe27223b92b0f4bbc097059eb23cc56c4",
                "reference": "fd12f5cfe27223b92b0f4bbc097059eb23cc56c4",
                "shasum": ""
            },
            "require": {
                "composer-plugin-api": "^1.0"
            },
            "conflict": {
                "composer/installers": "<1.0.6"
            },
            "require-dev": {
                "composer/composer": "^1.0",
                "phpunit/phpunit": ">=4.8.35"
            },
            "type": "composer-plugin",
            "extra": {
                "class": "johnpbloch\\Composer\\WordPressCorePlugin"
            },
            "autoload": {
                "psr-0": {
                    "johnpbloch\\Composer\\": "src/"
                }
            },
            "notification-url": "https://packagist.org/downloads/",
            "license": [
                "GPL-2.0-or-later"
            ],
            "authors": [
                {
                    "name": "John P. Bloch",
                    "email": "me@johnpbloch.com"
                }
            ],
            "description": "A custom installer to handle deploying WordPress with composer",
            "keywords": [
                "wordpress"
            ],
            "time": "2018-11-09T20:10:38+00:00"
        },
        {
            "name": "league/container",
            "version": "2.4.1",
            "source": {
                "type": "git",
                "url": "https://github.com/thephpleague/container.git",
                "reference": "43f35abd03a12977a60ffd7095efd6a7808488c0"
            },
            "dist": {
                "type": "zip",
                "url": "https://api.github.com/repos/thephpleague/container/zipball/43f35abd03a12977a60ffd7095efd6a7808488c0",
                "reference": "43f35abd03a12977a60ffd7095efd6a7808488c0",
                "shasum": ""
            },
            "require": {
                "container-interop/container-interop": "^1.2",
                "php": "^5.4.0 || ^7.0"
            },
            "provide": {
                "container-interop/container-interop-implementation": "^1.2",
                "psr/container-implementation": "^1.0"
            },
            "replace": {
                "orno/di": "~2.0"
            },
            "require-dev": {
                "phpunit/phpunit": "4.*"
            },
            "type": "library",
            "extra": {
                "branch-alias": {
                    "dev-2.x": "2.x-dev",
                    "dev-1.x": "1.x-dev"
                }
            },
            "autoload": {
                "psr-4": {
                    "League\\Container\\": "src"
                }
            },
            "notification-url": "https://packagist.org/downloads/",
            "license": [
                "MIT"
            ],
            "authors": [
                {
                    "name": "Phil Bennett",
                    "email": "philipobenito@gmail.com",
                    "homepage": "http://www.philipobenito.com",
                    "role": "Developer"
                }
            ],
            "description": "A fast and intuitive dependency injection container.",
            "homepage": "https://github.com/thephpleague/container",
            "keywords": [
                "container",
                "dependency",
                "di",
                "injection",
                "league",
                "provider",
                "service"
            ],
            "time": "2017-05-10T09:20:27+00:00"
        },
        {
            "name": "matthiasmullie/minify",
            "version": "1.3.63",
            "source": {
                "type": "git",
                "url": "https://github.com/matthiasmullie/minify.git",
                "reference": "9ba1b459828adc13430f4dd6c49dae4950dc4117"
            },
            "dist": {
                "type": "zip",
                "url": "https://api.github.com/repos/matthiasmullie/minify/zipball/9ba1b459828adc13430f4dd6c49dae4950dc4117",
                "reference": "9ba1b459828adc13430f4dd6c49dae4950dc4117",
                "shasum": ""
            },
            "require": {
                "ext-pcre": "*",
                "matthiasmullie/path-converter": "~1.1",
                "php": ">=5.3.0"
            },
            "require-dev": {
                "friendsofphp/php-cs-fixer": "~2.0",
                "matthiasmullie/scrapbook": "~1.0",
                "phpunit/phpunit": "~4.8"
            },
            "suggest": {
                "psr/cache-implementation": "Cache implementation to use with Minify::cache"
            },
            "bin": [
                "bin/minifycss",
                "bin/minifyjs"
            ],
            "type": "library",
            "autoload": {
                "psr-4": {
                    "MatthiasMullie\\Minify\\": "src/"
                }
            },
            "notification-url": "https://packagist.org/downloads/",
            "license": [
                "MIT"
            ],
            "authors": [
                {
                    "name": "Matthias Mullie",
                    "email": "minify@mullie.eu",
                    "homepage": "http://www.mullie.eu",
                    "role": "Developer"
                }
            ],
            "description": "CSS & JavaScript minifier, in PHP. Removes whitespace, strips comments, combines files (incl. @import statements and small assets in CSS files), and optimizes/shortens a few common programming patterns.",
            "homepage": "http://www.minifier.org",
            "keywords": [
                "JS",
                "css",
                "javascript",
                "minifier",
                "minify"
            ],
            "time": "2020-01-21T20:21:08+00:00"
        },
        {
            "name": "matthiasmullie/path-converter",
            "version": "1.1.3",
            "source": {
                "type": "git",
                "url": "https://github.com/matthiasmullie/path-converter.git",
                "reference": "e7d13b2c7e2f2268e1424aaed02085518afa02d9"
            },
            "dist": {
                "type": "zip",
                "url": "https://api.github.com/repos/matthiasmullie/path-converter/zipball/e7d13b2c7e2f2268e1424aaed02085518afa02d9",
                "reference": "e7d13b2c7e2f2268e1424aaed02085518afa02d9",
                "shasum": ""
            },
            "require": {
                "ext-pcre": "*",
                "php": ">=5.3.0"
            },
            "require-dev": {
                "phpunit/phpunit": "~4.8"
            },
            "type": "library",
            "autoload": {
                "psr-4": {
                    "MatthiasMullie\\PathConverter\\": "src/"
                }
            },
            "notification-url": "https://packagist.org/downloads/",
            "license": [
                "MIT"
            ],
            "authors": [
                {
                    "name": "Matthias Mullie",
                    "email": "pathconverter@mullie.eu",
                    "homepage": "http://www.mullie.eu",
                    "role": "Developer"
                }
            ],
            "description": "Relative path converter",
            "homepage": "http://github.com/matthiasmullie/path-converter",
            "keywords": [
                "converter",
                "path",
                "paths",
                "relative"
            ],
            "time": "2019-02-05T23:41:09+00:00"
        },
        {
            "name": "monolog/monolog",
            "version": "1.25.3",
            "source": {
                "type": "git",
                "url": "https://github.com/Seldaek/monolog.git",
                "reference": "fa82921994db851a8becaf3787a9e73c5976b6f1"
            },
            "dist": {
                "type": "zip",
                "url": "https://api.github.com/repos/Seldaek/monolog/zipball/fa82921994db851a8becaf3787a9e73c5976b6f1",
                "reference": "fa82921994db851a8becaf3787a9e73c5976b6f1",
                "shasum": ""
            },
            "require": {
                "php": ">=5.3.0",
                "psr/log": "~1.0"
            },
            "provide": {
                "psr/log-implementation": "1.0.0"
            },
            "require-dev": {
                "aws/aws-sdk-php": "^2.4.9 || ^3.0",
                "doctrine/couchdb": "~1.0@dev",
                "graylog2/gelf-php": "~1.0",
                "jakub-onderka/php-parallel-lint": "0.9",
                "php-amqplib/php-amqplib": "~2.4",
                "php-console/php-console": "^3.1.3",
                "phpunit/phpunit": "~4.5",
                "phpunit/phpunit-mock-objects": "2.3.0",
                "ruflin/elastica": ">=0.90 <3.0",
                "sentry/sentry": "^0.13",
                "swiftmailer/swiftmailer": "^5.3|^6.0"
            },
            "suggest": {
                "aws/aws-sdk-php": "Allow sending log messages to AWS services like DynamoDB",
                "doctrine/couchdb": "Allow sending log messages to a CouchDB server",
                "ext-amqp": "Allow sending log messages to an AMQP server (1.0+ required)",
                "ext-mongo": "Allow sending log messages to a MongoDB server",
                "graylog2/gelf-php": "Allow sending log messages to a GrayLog2 server",
                "mongodb/mongodb": "Allow sending log messages to a MongoDB server via PHP Driver",
                "php-amqplib/php-amqplib": "Allow sending log messages to an AMQP server using php-amqplib",
                "php-console/php-console": "Allow sending log messages to Google Chrome",
                "rollbar/rollbar": "Allow sending log messages to Rollbar",
                "ruflin/elastica": "Allow sending log messages to an Elastic Search server",
                "sentry/sentry": "Allow sending log messages to a Sentry server"
            },
            "type": "library",
            "extra": {
                "branch-alias": {
                    "dev-master": "2.0.x-dev"
                }
            },
            "autoload": {
                "psr-4": {
                    "Monolog\\": "src/Monolog"
                }
            },
            "notification-url": "https://packagist.org/downloads/",
            "license": [
                "MIT"
            ],
            "authors": [
                {
                    "name": "Jordi Boggiano",
                    "email": "j.boggiano@seld.be",
                    "homepage": "http://seld.be"
                }
            ],
            "description": "Sends your logs to files, sockets, inboxes, databases and various web services",
            "homepage": "http://github.com/Seldaek/monolog",
            "keywords": [
                "log",
                "logging",
                "psr-3"
            ],
            "time": "2019-12-20T14:15:16+00:00"
        },
        {
            "name": "psr/container",
            "version": "1.0.0",
            "source": {
                "type": "git",
                "url": "https://github.com/php-fig/container.git",
                "reference": "b7ce3b176482dbbc1245ebf52b181af44c2cf55f"
            },
            "dist": {
                "type": "zip",
                "url": "https://api.github.com/repos/php-fig/container/zipball/b7ce3b176482dbbc1245ebf52b181af44c2cf55f",
                "reference": "b7ce3b176482dbbc1245ebf52b181af44c2cf55f",
                "shasum": ""
            },
            "require": {
                "php": ">=5.3.0"
            },
            "type": "library",
            "extra": {
                "branch-alias": {
                    "dev-master": "1.0.x-dev"
                }
            },
            "autoload": {
                "psr-4": {
                    "Psr\\Container\\": "src/"
                }
            },
            "notification-url": "https://packagist.org/downloads/",
            "license": [
                "MIT"
            ],
            "authors": [
                {
                    "name": "PHP-FIG",
                    "homepage": "http://www.php-fig.org/"
                }
            ],
            "description": "Common Container Interface (PHP FIG PSR-11)",
            "homepage": "https://github.com/php-fig/container",
            "keywords": [
                "PSR-11",
                "container",
                "container-interface",
                "container-interop",
                "psr"
            ],
            "time": "2017-02-14T16:28:37+00:00"
        },
        {
            "name": "psr/log",
            "version": "1.1.2",
            "source": {
                "type": "git",
                "url": "https://github.com/php-fig/log.git",
                "reference": "446d54b4cb6bf489fc9d75f55843658e6f25d801"
            },
            "dist": {
                "type": "zip",
                "url": "https://api.github.com/repos/php-fig/log/zipball/446d54b4cb6bf489fc9d75f55843658e6f25d801",
                "reference": "446d54b4cb6bf489fc9d75f55843658e6f25d801",
                "shasum": ""
            },
            "require": {
                "php": ">=5.3.0"
            },
            "type": "library",
            "extra": {
                "branch-alias": {
                    "dev-master": "1.1.x-dev"
                }
            },
            "autoload": {
                "psr-4": {
                    "Psr\\Log\\": "Psr/Log/"
                }
            },
            "notification-url": "https://packagist.org/downloads/",
            "license": [
                "MIT"
            ],
            "authors": [
                {
                    "name": "PHP-FIG",
                    "homepage": "http://www.php-fig.org/"
                }
            ],
            "description": "Common interface for logging libraries",
            "homepage": "https://github.com/php-fig/log",
            "keywords": [
                "log",
                "psr",
                "psr-3"
            ],
            "time": "2019-11-01T11:05:21+00:00"
        },
        {
            "name": "wp-media/background-processing",
            "version": "v1.3",
            "source": {
                "type": "git",
                "url": "https://github.com/wp-media/background-processing.git",
                "reference": "6cacc6dd2411ae82b33d7cd33fb4f2104ebf9846"
            },
            "dist": {
                "type": "zip",
                "url": "https://api.github.com/repos/wp-media/background-processing/zipball/6cacc6dd2411ae82b33d7cd33fb4f2104ebf9846",
                "reference": "6cacc6dd2411ae82b33d7cd33fb4f2104ebf9846",
                "shasum": ""
            },
            "require-dev": {
                "brain/monkey": "^2.0",
                "dealerdirect/phpcodesniffer-composer-installer": "^0.5.0",
                "php": "^5.6 || ^7",
                "phpcompatibility/phpcompatibility-wp": "^2.0",
                "phpunit/phpunit": "^5.7 || ^7",
                "wp-coding-standards/wpcs": "^2",
                "wp-media/phpunit": "^1.0"
            },
            "type": "library",
            "autoload": {
                "classmap": [
                    ""
                ]
            },
            "notification-url": "https://packagist.org/downloads/",
            "license": [
                "GPL-2.0+"
            ],
            "authors": [
                {
                    "name": "WP Media",
                    "email": "contact@wp-media.me",
                    "homepage": "https://wp-media.me"
                }
            ],
            "description": "Async & Background Tasks Processing",
            "homepage": "https://github.com/wp-media/background-processing",
            "time": "2020-02-21T20:04:18+00:00"
        },
        {
            "name": "wp-media/rocket-lazyload-common",
            "version": "v2.5.6",
            "source": {
                "type": "git",
                "url": "https://github.com/wp-media/rocket-lazyload-common.git",
                "reference": "1ea0cf2ae5d302a0214e05176c1dda321b1d6690"
            },
            "dist": {
                "type": "zip",
                "url": "https://api.github.com/repos/wp-media/rocket-lazyload-common/zipball/1ea0cf2ae5d302a0214e05176c1dda321b1d6690",
                "reference": "1ea0cf2ae5d302a0214e05176c1dda321b1d6690",
                "shasum": ""
            },
            "require": {
                "php": ">=5.6"
            },
            "require-dev": {
                "brain/monkey": "^2.0",
                "dealerdirect/phpcodesniffer-composer-installer": "^0.5.0",
                "doctrine/instantiator": "1.0.*",
                "myclabs/deep-copy": "1.6.*",
                "phpcompatibility/phpcompatibility-wp": "^2.0",
                "phpdocumentor/reflection-docblock": "^3.3",
                "phpunit/php-token-stream": "^1.4",
                "phpunit/phpunit": "^5.7",
                "symfony/yaml": "2.8.*",
                "wp-coding-standards/wpcs": "^2.0.0"
            },
            "type": "library",
            "autoload": {
                "psr-4": {
                    "RocketLazyload\\": "src"
                }
            },
            "notification-url": "https://packagist.org/downloads/",
            "license": [
                "GPL-3.0-or-later"
            ],
            "authors": [
                {
                    "name": "WP Media",
                    "email": "contact@wp-media.me"
                }
            ],
            "description": "Common Code between WP Rocket and Lazyload by WP Rocket",
            "time": "2020-01-16T13:46:49+00:00"
        },
        {
            "name": "wp-media/wp-rocket",
            "version": "v3.5.0.2",
            "source": {
                "type": "git",
                "url": "https://github.com/wp-media/wp-rocket.git",
                "reference": "c906a334e836ed8db3ebc410d6f066679deab4c7"
            },
            "dist": {
                "type": "zip",
                "url": "https://api.github.com/repos/wp-media/wp-rocket/zipball/c906a334e836ed8db3ebc410d6f066679deab4c7",
                "reference": "c906a334e836ed8db3ebc410d6f066679deab4c7",
                "shasum": ""
            },
            "require": {
                "composer/installers": "~1.0",
                "league/container": "^2.4",
                "matthiasmullie/minify": "1.3.*",
                "monolog/monolog": "^1.0",
                "php": ">=5.6.0",
                "wp-media/background-processing": "^1.3",
                "wp-media/rocket-lazyload-common": "^2"
            },
            "replace": {
                "wp-media/cloudflare": "self.version"
            },
            "require-dev": {
                "brain/monkey": "^2.0",
                "dealerdirect/phpcodesniffer-composer-installer": "^0.5.0",
                "mikey179/vfsstream": "^1.6",
                "php": "^5.6 || ^7",
                "phpcompatibility/phpcompatibility-wp": "^2.0",
                "phpstan/phpstan": "^0.12.3",
                "phpunit/phpunit": "^5.7 || ^7",
                "roave/security-advisories": "dev-master",
                "szepeviktor/phpstan-wordpress": "^0.5.0",
                "woocommerce/woocommerce": "^3.8",
                "wp-coding-standards/wpcs": "^2",
                "wp-media/phpunit": "^1.0"
            },
            "type": "wordpress-plugin",
            "extra": {
                "installer-paths": {
                    "vendor/{$vendor}/{$name}/": [
                        "type:wordpress-plugin"
                    ]
                }
            },
            "autoload": {
                "classmap": [
                    "inc/classes",
                    "inc/vendors/classes"
                ],
                "exclude-from-classmap": [
                    "inc/vendors/classes/class-rocket-mobile-detect.php",
                    "inc/classes/class-wp-rocket-requirements-check.php"
                ],
                "psr-4": {
                    "WP_Rocket\\": "inc/",
                    "WPMedia\\Cloudflare\\": "inc/Addon/Cloudflare/"
                }
            },
            "notification-url": "https://packagist.org/downloads/",
            "license": [
                "GPL-2.0-or-later"
            ],
            "authors": [
                {
                    "name": "WP Media",
                    "email": "contact@wp-media.me",
                    "homepage": "https://wp-media.me"
                }
            ],
            "description": "Performance optimization plugin for WordPress",
            "homepage": "https://wp-rocket.me",
            "keywords": [
                "cache",
                "lazyload",
                "minification",
                "wordpress"
            ],
            "time": "2020-03-06T07:55:45+00:00"
        },
        {
            "name": "wpackagist-plugin/acf-code-field",
            "version": "1.8",
            "source": {
                "type": "svn",
                "url": "https://plugins.svn.wordpress.org/acf-code-field/",
                "reference": "tags/1.8"
            },
            "dist": {
                "type": "zip",
                "url": "https://downloads.wordpress.org/plugin/acf-code-field.1.8.zip"
            },
            "require": {
                "composer/installers": "~1.0"
            },
            "type": "wordpress-plugin",
            "homepage": "https://wordpress.org/plugins/acf-code-field/"
        },
        {
            "name": "wpackagist-plugin/akismet",
            "version": "4.1.3",
            "source": {
                "type": "svn",
                "url": "https://plugins.svn.wordpress.org/akismet/",
                "reference": "tags/4.1.3"
            },
            "dist": {
                "type": "zip",
                "url": "https://downloads.wordpress.org/plugin/akismet.4.1.3.zip"
            },
            "require": {
                "composer/installers": "~1.0"
            },
            "type": "wordpress-plugin",
            "homepage": "https://wordpress.org/plugins/akismet/"
        },
        {
            "name": "wpackagist-plugin/bootstrap-for-contact-form-7",
            "version": "1.4.8",
            "source": {
                "type": "svn",
                "url": "https://plugins.svn.wordpress.org/bootstrap-for-contact-form-7/",
                "reference": "tags/1.4.8"
            },
            "dist": {
                "type": "zip",
                "url": "https://downloads.wordpress.org/plugin/bootstrap-for-contact-form-7.1.4.8.zip"
            },
            "require": {
                "composer/installers": "~1.0"
            },
            "type": "wordpress-plugin",
            "homepage": "https://wordpress.org/plugins/bootstrap-for-contact-form-7/"
        },
        {
            "name": "wpackagist-plugin/classic-editor",
            "version": "1.5",
            "source": {
                "type": "svn",
                "url": "https://plugins.svn.wordpress.org/classic-editor/",
                "reference": "tags/1.5"
            },
            "dist": {
                "type": "zip",
                "url": "https://downloads.wordpress.org/plugin/classic-editor.1.5.zip"
            },
            "require": {
                "composer/installers": "~1.0"
            },
            "type": "wordpress-plugin",
            "homepage": "https://wordpress.org/plugins/classic-editor/"
        },
        {
            "name": "wpackagist-plugin/contact-form-7",
            "version": "5.1.7",
            "source": {
                "type": "svn",
                "url": "https://plugins.svn.wordpress.org/contact-form-7/",
                "reference": "tags/5.1.7"
            },
            "dist": {
                "type": "zip",
                "url": "https://downloads.wordpress.org/plugin/contact-form-7.5.1.7.zip"
            },
            "require": {
                "composer/installers": "~1.0"
            },
            "type": "wordpress-plugin",
            "homepage": "https://wordpress.org/plugins/contact-form-7/"
        },
        {
            "name": "wpackagist-plugin/easy-digital-downloads",
            "version": "2.9.21",
            "source": {
                "type": "svn",
                "url": "https://plugins.svn.wordpress.org/easy-digital-downloads/",
                "reference": "tags/2.9.21"
            },
            "dist": {
                "type": "zip",
                "url": "https://downloads.wordpress.org/plugin/easy-digital-downloads.2.9.21.zip"
            },
            "require": {
                "composer/installers": "~1.0"
            },
            "type": "wordpress-plugin",
            "extra": {
                "patches_applied": {
                    "Hack: EDD Recalculating total, because of missing VAT in sercices": "patches/edd-recalculate-total.diff",
                    "Hack: EDD showing different value of entries on payment site": "patches/edd-payments-per-page.diff",
                    "Hack: EDD fix for setting custom email sender": "patches/edd-custom-email-sender.diff"
                }
            },
            "homepage": "https://wordpress.org/plugins/easy-digital-downloads/"
        },
        {
            "name": "wpackagist-plugin/gutenberg",
            "version": "7.6.0",
            "source": {
                "type": "svn",
                "url": "https://plugins.svn.wordpress.org/gutenberg/",
                "reference": "tags/7.6.0"
            },
            "dist": {
                "type": "zip",
                "url": "https://downloads.wordpress.org/plugin/gutenberg.7.6.0.zip"
            },
            "require": {
                "composer/installers": "~1.0"
            },
            "type": "wordpress-plugin",
            "homepage": "https://wordpress.org/plugins/gutenberg/"
        },
        {
            "name": "wpackagist-plugin/imagify",
            "version": "1.9.9",
            "source": {
                "type": "svn",
                "url": "https://plugins.svn.wordpress.org/imagify/",
                "reference": "tags/1.9.9"
            },
            "dist": {
                "type": "zip",
                "url": "https://downloads.wordpress.org/plugin/imagify.1.9.9.zip"
            },
            "require": {
                "composer/installers": "~1.0"
            },
            "type": "wordpress-plugin",
            "homepage": "https://wordpress.org/plugins/imagify/"
        },
        {
            "name": "wpackagist-plugin/login-lockdown",
            "version": "v1.8.1",
            "source": {
                "type": "svn",
                "url": "https://plugins.svn.wordpress.org/login-lockdown/",
                "reference": "trunk"
            },
            "dist": {
                "type": "zip",
                "url": "https://downloads.wordpress.org/plugin/login-lockdown.zip?timestamp=1569838306"
            },
            "require": {
                "composer/installers": "~1.0"
            },
            "type": "wordpress-plugin",
            "homepage": "https://wordpress.org/plugins/login-lockdown/"
        },
        {
            "name": "wpackagist-plugin/ninjafirewall",
            "version": "4.1",
            "source": {
                "type": "svn",
                "url": "https://plugins.svn.wordpress.org/ninjafirewall/",
                "reference": "tags/4.1"
            },
            "dist": {
                "type": "zip",
                "url": "https://downloads.wordpress.org/plugin/ninjafirewall.4.1.zip"
            },
            "require": {
                "composer/installers": "~1.0"
            },
            "type": "wordpress-plugin",
            "homepage": "https://wordpress.org/plugins/ninjafirewall/"
        },
        {
            "name": "wpackagist-plugin/really-simple-captcha",
            "version": "2.0.2",
            "source": {
                "type": "svn",
                "url": "https://plugins.svn.wordpress.org/really-simple-captcha/",
                "reference": "tags/2.0.2"
            },
            "dist": {
                "type": "zip",
                "url": "https://downloads.wordpress.org/plugin/really-simple-captcha.2.0.2.zip"
            },
            "require": {
                "composer/installers": "~1.0"
            },
            "type": "wordpress-plugin",
            "homepage": "https://wordpress.org/plugins/really-simple-captcha/"
        },
        {
            "name": "wpackagist-plugin/shariff",
            "version": "4.6.4",
            "source": {
                "type": "svn",
                "url": "https://plugins.svn.wordpress.org/shariff/",
                "reference": "tags/4.6.4"
            },
            "dist": {
                "type": "zip",
                "url": "https://downloads.wordpress.org/plugin/shariff.4.6.4.zip"
            },
            "require": {
                "composer/installers": "~1.0"
            },
            "type": "wordpress-plugin",
            "homepage": "https://wordpress.org/plugins/shariff/"
        },
        {
            "name": "wpackagist-plugin/vaultpress",
            "version": "2.1.1",
            "source": {
                "type": "svn",
                "url": "https://plugins.svn.wordpress.org/vaultpress/",
                "reference": "tags/2.1.1"
            },
            "dist": {
                "type": "zip",
                "url": "https://downloads.wordpress.org/plugin/vaultpress.2.1.1.zip"
            },
            "require": {
                "composer/installers": "~1.0"
            },
            "type": "wordpress-plugin",
            "homepage": "https://wordpress.org/plugins/vaultpress/"
        },
        {
            "name": "wpackagist-plugin/wordpress-seo",
            "version": "13.2",
            "source": {
                "type": "svn",
                "url": "https://plugins.svn.wordpress.org/wordpress-seo/",
                "reference": "tags/13.2"
            },
            "dist": {
                "type": "zip",
                "url": "https://downloads.wordpress.org/plugin/wordpress-seo.13.2.zip"
            },
            "require": {
                "composer/installers": "~1.0"
            },
            "type": "wordpress-plugin",
            "homepage": "https://wordpress.org/plugins/wordpress-seo/"
        },
        {
            "name": "wpackagist-plugin/wp-postratings",
            "version": "1.87",
            "source": {
                "type": "svn",
                "url": "https://plugins.svn.wordpress.org/wp-postratings/",
                "reference": "tags/1.87"
            },
            "dist": {
                "type": "zip",
                "url": "https://downloads.wordpress.org/plugin/wp-postratings.1.87.zip"
            },
            "require": {
                "composer/installers": "~1.0"
            },
            "type": "wordpress-plugin",
            "homepage": "https://wordpress.org/plugins/wp-postratings/"
        }
    ],
    "packages-dev": [
        {
            "name": "squizlabs/php_codesniffer",
            "version": "3.5.4",
            "source": {
                "type": "git",
                "url": "https://github.com/squizlabs/PHP_CodeSniffer.git",
                "reference": "dceec07328401de6211037abbb18bda423677e26"
            },
            "dist": {
                "type": "zip",
                "url": "https://api.github.com/repos/squizlabs/PHP_CodeSniffer/zipball/dceec07328401de6211037abbb18bda423677e26",
                "reference": "dceec07328401de6211037abbb18bda423677e26",
                "shasum": ""
            },
            "require": {
                "ext-simplexml": "*",
                "ext-tokenizer": "*",
                "ext-xmlwriter": "*",
                "php": ">=5.4.0"
            },
            "require-dev": {
                "phpunit/phpunit": "^4.0 || ^5.0 || ^6.0 || ^7.0"
            },
            "bin": [
                "bin/phpcs",
                "bin/phpcbf"
            ],
            "type": "library",
            "extra": {
                "branch-alias": {
                    "dev-master": "3.x-dev"
                }
            },
            "notification-url": "https://packagist.org/downloads/",
            "license": [
                "BSD-3-Clause"
            ],
            "authors": [
                {
                    "name": "Greg Sherwood",
                    "role": "lead"
                }
            ],
            "description": "PHP_CodeSniffer tokenizes PHP, JavaScript and CSS files and detects violations of a defined set of coding standards.",
            "homepage": "https://github.com/squizlabs/PHP_CodeSniffer",
            "keywords": [
                "phpcs",
                "standards"
            ],
            "time": "2020-01-30T22:20:29+00:00"
        },
        {
            "name": "wp-coding-standards/wpcs",
            "version": "1.2.1",
            "source": {
                "type": "git",
                "url": "https://github.com/WordPress/WordPress-Coding-Standards.git",
                "reference": "f328bcafd97377e8e5e5d7b244d5ddbf301a3a5c"
            },
            "dist": {
                "type": "zip",
                "url": "https://api.github.com/repos/WordPress/WordPress-Coding-Standards/zipball/f328bcafd97377e8e5e5d7b244d5ddbf301a3a5c",
                "reference": "f328bcafd97377e8e5e5d7b244d5ddbf301a3a5c",
                "shasum": ""
            },
            "require": {
                "php": ">=5.3",
                "squizlabs/php_codesniffer": "^2.9.0 || ^3.0.2"
            },
            "require-dev": {
                "phpcompatibility/php-compatibility": "^9.0"
            },
            "suggest": {
                "dealerdirect/phpcodesniffer-composer-installer": "^0.4.3 || This Composer plugin will sort out the PHPCS 'installed_paths' automatically."
            },
            "type": "phpcodesniffer-standard",
            "notification-url": "https://packagist.org/downloads/",
            "license": [
                "MIT"
            ],
            "authors": [
                {
                    "name": "Contributors",
                    "homepage": "https://github.com/WordPress-Coding-Standards/WordPress-Coding-Standards/graphs/contributors"
                }
            ],
            "description": "PHP_CodeSniffer rules (sniffs) to enforce WordPress coding conventions",
            "keywords": [
                "phpcs",
                "standards",
                "wordpress"
            ],
            "time": "2018-12-18T09:43:51+00:00"
        }
    ],
    "aliases": [],
    "minimum-stability": "stable",
    "stability-flags": {
        "felixarntz/wp-gdpr-cookie-notice": 20,
        "felixarntz/plugin-lib": 20
    },
    "prefer-stable": false,
    "prefer-lowest": false,
    "platform": {
        "php": ">=7.0"
    },
    "platform-dev": []
}
