{
    "_readme": [
        "This file locks the dependencies of your project to a known state",
        "Read more about it at https://getcomposer.org/doc/01-basic-usage.md#installing-dependencies",
        "This file is @generated automatically"
    ],
    "content-hash": "dbbc722d8301b9c7af9396e07378d06d",
    "packages": [
        {
            "name": "awsm/lib-mail",
            "version": "dev-develop",
            "source": {
                "type": "git",
                "url": "https://github.com/awsmug/lib-mail.git",
                "reference": "b11a9b5de68e98bfad8d8135254b3e87e495f9ae"
            },
            "dist": {
                "type": "zip",
                "url": "https://api.github.com/repos/awsmug/lib-mail/zipball/b11a9b5de68e98bfad8d8135254b3e87e495f9ae",
                "reference": "b11a9b5de68e98bfad8d8135254b3e87e495f9ae",
                "shasum": ""
            },
            "require-dev": {
                "phpunit/php-code-coverage": "^8.0",
                "phpunit/phpunit": "^9"
            },
            "type": "library",
            "autoload": {
                "psr-4": {
                    "AWSM\\Lib_Mail\\": "src/"
                }
            },
            "notification-url": "https://packagist.org/downloads/",
            "license": [
                "GPL-2.0-or-later"
            ],
            "description": "Awesome mail functionality. Easy and clean mail creation and transportation.",
            "time": "2020-06-05T09:38:15+00:00"
        },
        {
            "name": "awsm/wp-wrapper",
            "version": "dev-master",
            "source": {
                "type": "git",
                "url": "https://github.com/awsmug/wp-wrapper.git",
                "reference": "d82112615dc4dbbccb13132ba5962076f450be5d"
            },
            "dist": {
                "type": "zip",
                "url": "https://api.github.com/repos/awsmug/wp-wrapper/zipball/d82112615dc4dbbccb13132ba5962076f450be5d",
                "reference": "d82112615dc4dbbccb13132ba5962076f450be5d",
                "shasum": ""
            },
            "require": {
                "monolog/monolog": "^1.0"
            },
            "type": "library",
            "autoload": {
                "psr-4": {
                    "Awsm\\WP_Wrapper\\": "src/"
                }
            },
            "notification-url": "https://packagist.org/downloads/",
            "license": [
                "GPL-2.0-or-later"
            ],
            "authors": [
                {
                    "name": "Sven Wagener",
                    "email": "sven@awesome.ug",
                    "homepage": "http://svenwagener.com",
                    "role": "Head of Development"
                }
            ],
            "description": "Wrapping WordPress for more beautiful code.",
            "homepage": "https://github.com/awsmug/wp-wrapper",
            "keywords": [
                "plugin",
                "wordpress"
            ],
            "time": "2020-05-14T14:31:03+00:00"
        },
        {
            "name": "inpsyde/wonolog",
            "version": "1.0.3",
            "source": {
                "type": "git",
                "url": "https://github.com/inpsyde/Wonolog.git",
                "reference": "62b2cf977d2222787fbc895bd0c7f557c6687b44"
            },
            "dist": {
                "type": "zip",
                "url": "https://api.github.com/repos/inpsyde/Wonolog/zipball/62b2cf977d2222787fbc895bd0c7f557c6687b44",
                "reference": "62b2cf977d2222787fbc895bd0c7f557c6687b44",
                "shasum": ""
            },
            "require": {
                "monolog/monolog": "^1.21.0",
                "php": ">=5.6"
            },
            "require-dev": {
                "brain/monkey": "^2.2.0",
                "mikey179/vfsstream": "~1.6.4",
                "phpunit/phpunit": "^5.7.21"
            },
            "type": "library",
            "extra": {
                "branch-alias": {
                    "dev-master": "1.0.x-dev"
                }
            },
            "autoload": {
                "psr-4": {
                    "Inpsyde\\Wonolog\\": "src"
                },
                "files": [
                    "inc/bootstrap.php"
                ]
            },
            "notification-url": "https://packagist.org/downloads/",
            "license": [
                "MIT"
            ],
            "authors": [
                {
                    "name": "Inpsyde GmbH",
                    "email": "hello@inpsyde.com",
                    "homepage": "https://inpsyde.com",
                    "role": "Company"
                },
                {
                    "name": "Giuseppe Mazzapica",
                    "email": "giuseppe.mazzapica@gmail.com",
                    "role": "Developer"
                }
            ],
            "description": "Monolog-based logging package for WordPress.",
            "keywords": [
                "debug",
                "debugging",
                "log",
                "logger",
                "logging",
                "monolog",
                "psr-3",
                "wordpress"
            ],
            "time": "2019-09-11T10:42:24+00:00"
        },
        {
            "name": "monolog/monolog",
            "version": "1.25.4",
            "source": {
                "type": "git",
                "url": "https://github.com/Seldaek/monolog.git",
                "reference": "3022efff205e2448b560c833c6fbbf91c3139168"
            },
            "dist": {
                "type": "zip",
                "url": "https://api.github.com/repos/Seldaek/monolog/zipball/3022efff205e2448b560c833c6fbbf91c3139168",
                "reference": "3022efff205e2448b560c833c6fbbf91c3139168",
                "shasum": ""
            },
            "require": {
                "php": ">=5.3.0",
                "psr/log": "~1.0"
            },
            "provide": {
                "psr/log-implementation": "1.0.0"
            },
            "require-dev": {
                "aws/aws-sdk-php": "^2.4.9 || ^3.0",
                "doctrine/couchdb": "~1.0@dev",
                "graylog2/gelf-php": "~1.0",
                "php-amqplib/php-amqplib": "~2.4",
                "php-console/php-console": "^3.1.3",
                "php-parallel-lint/php-parallel-lint": "^1.0",
                "phpunit/phpunit": "~4.5",
                "ruflin/elastica": ">=0.90 <3.0",
                "sentry/sentry": "^0.13",
                "swiftmailer/swiftmailer": "^5.3|^6.0"
            },
            "suggest": {
                "aws/aws-sdk-php": "Allow sending log messages to AWS services like DynamoDB",
                "doctrine/couchdb": "Allow sending log messages to a CouchDB server",
                "ext-amqp": "Allow sending log messages to an AMQP server (1.0+ required)",
                "ext-mongo": "Allow sending log messages to a MongoDB server",
                "graylog2/gelf-php": "Allow sending log messages to a GrayLog2 server",
                "mongodb/mongodb": "Allow sending log messages to a MongoDB server via PHP Driver",
                "php-amqplib/php-amqplib": "Allow sending log messages to an AMQP server using php-amqplib",
                "php-console/php-console": "Allow sending log messages to Google Chrome",
                "rollbar/rollbar": "Allow sending log messages to Rollbar",
                "ruflin/elastica": "Allow sending log messages to an Elastic Search server",
                "sentry/sentry": "Allow sending log messages to a Sentry server"
            },
            "type": "library",
            "extra": {
                "branch-alias": {
                    "dev-master": "2.0.x-dev"
                }
            },
            "autoload": {
                "psr-4": {
                    "Monolog\\": "src/Monolog"
                }
            },
            "notification-url": "https://packagist.org/downloads/",
            "license": [
                "MIT"
            ],
            "authors": [
                {
                    "name": "Jordi Boggiano",
                    "email": "j.boggiano@seld.be",
                    "homepage": "http://seld.be"
                }
            ],
            "description": "Sends your logs to files, sockets, inboxes, databases and various web services",
            "homepage": "http://github.com/Seldaek/monolog",
            "keywords": [
                "log",
                "logging",
                "psr-3"
            ],
            "time": "2020-05-22T07:31:27+00:00"
        },
        {
            "name": "psr/log",
            "version": "1.1.3",
            "source": {
                "type": "git",
                "url": "https://github.com/php-fig/log.git",
                "reference": "0f73288fd15629204f9d42b7055f72dacbe811fc"
            },
            "dist": {
                "type": "zip",
                "url": "https://api.github.com/repos/php-fig/log/zipball/0f73288fd15629204f9d42b7055f72dacbe811fc",
                "reference": "0f73288fd15629204f9d42b7055f72dacbe811fc",
                "shasum": ""
            },
            "require": {
                "php": ">=5.3.0"
            },
            "type": "library",
            "extra": {
                "branch-alias": {
                    "dev-master": "1.1.x-dev"
                }
            },
            "autoload": {
                "psr-4": {
                    "Psr\\Log\\": "Psr/Log/"
                }
            },
            "notification-url": "https://packagist.org/downloads/",
            "license": [
                "MIT"
            ],
            "authors": [
                {
                    "name": "PHP-FIG",
                    "homepage": "http://www.php-fig.org/"
                }
            ],
            "description": "Common interface for logging libraries",
            "homepage": "https://github.com/php-fig/log",
            "keywords": [
                "log",
                "psr",
                "psr-3"
            ],
            "time": "2020-03-23T09:12:05+00:00"
        }
    ],
    "packages-dev": [],
    "aliases": [],
    "minimum-stability": "stable",
    "stability-flags": {
        "awsm/wp-wrapper": 20,
        "awsm/lib-mail": 20
    },
    "prefer-stable": false,
    "prefer-lowest": false,
    "platform": [],
    "platform-dev": []
}
